<?xml version="1.0" encoding="utf-8"?>
<Project ToolsVersion="4.0" xmlns="http://schemas.microsoft.com/developer/msbuild/2003">
  <ItemGroup>
    <Filter Include="资源文件">
      <UniqueIdentifier>{67DA6AB6-F800-4c08-8B7A-83BB121AAD01}</UniqueIdentifier>
      <Extensions>rc;ico;cur;bmp;dlg;rc2;rct;bin;rgs;gif;jpg;jpeg;jpe;resx;tiff;tif;png;wav;mfcribbon-ms</Extensions>
    </Filter>
    <Filter Include="core">
      <UniqueIdentifier>{1b9e77d2-c485-49cd-9bdb-6a0a850add46}</UniqueIdentifier>
    </Filter>
    <Filter Include="display">
      <UniqueIdentifier>{c3a84464-46b5-497a-9605-032135cc0c3c}</UniqueIdentifier>
    </Filter>
    <Filter Include="log">
      <UniqueIdentifier>{de3dd2c7-c324-4d6d-861c-4049312bb0e9}</UniqueIdentifier>
    </Filter>
    <Filter Include="math">
      <UniqueIdentifier>{af427f48-6329-4f47-a8d0-f861dcfb4680}</UniqueIdentifier>
    </Filter>
    <Filter Include="parser">
      <UniqueIdentifier>{0b31d329-083e-43ae-889f-80d3e9a55e34}</UniqueIdentifier>
    </Filter>
    <Filter Include="rdx_cuda">
      <UniqueIdentifier>{63d9506f-a985-4d78-a0fd-6da710ef9bf8}</UniqueIdentifier>
    </Filter>
  </ItemGroup>
  <ItemGroup>
    <ClInclude Include="core\color.h">
      <Filter>core</Filter>
    </ClInclude>
    <ClInclude Include="display\image_png.h">
      <Filter>display</Filter>
    </ClInclude>
    <ClInclude Include="display\Painter.h">
      <Filter>display</Filter>
    </ClInclude>
    <ClInclude Include="display\WindowDisplayer.h">
      <Filter>display</Filter>
    </ClInclude>
    <ClInclude Include="log\log.h">
      <Filter>log</Filter>
    </ClInclude>
    <ClInclude Include="math\monolith_math.h">
      <Filter>math</Filter>
    </ClInclude>
    <ClInclude Include="parser\file_parser.h">
      <Filter>parser</Filter>
    </ClInclude>
    <ClInclude Include="core\rdx.h">
      <Filter>core</Filter>
    </ClInclude>
    <ClInclude Include="core\ray.h">
      <Filter>core</Filter>
    </ClInclude>
    <ClInclude Include="core\hitable.h">
      <Filter>core</Filter>
    </ClInclude>
    <ClInclude Include="core\sphere.h">
      <Filter>core</Filter>
    </ClInclude>
    <ClInclude Include="core\hitablelist.h">
      <Filter>core</Filter>
    </ClInclude>
    <ClInclude Include="core\camera.h">
      <Filter>core</Filter>
    </ClInclude>
    <ClInclude Include="core\triangle.h">
      <Filter>core</Filter>
    </ClInclude>
    <ClInclude Include="core\rz_types.h">
      <Filter>core</Filter>
    </ClInclude>
    <ClInclude Include="core\mesh.h">
      <Filter>core</Filter>
    </ClInclude>
    <ClInclude Include="core\transformation.h">
      <Filter>core</Filter>
    </ClInclude>
    <ClInclude Include="core\texture.h">
      <Filter>core</Filter>
    </ClInclude>
    <ClInclude Include="core\bvh.h">
      <Filter>core</Filter>
    </ClInclude>
    <ClInclude Include="core\pbr.h">
      <Filter>core</Filter>
    </ClInclude>
    <ClInclude Include="core\scenes.h">
      <Filter>core</Filter>
    </ClInclude>
    <ClInclude Include="core\material.h">
      <Filter>core</Filter>
    </ClInclude>
    <ClInclude Include="core\rdx_rand.h">
      <Filter>core</Filter>
    </ClInclude>
    <ClInclude Include="core\cudaMesh.h">
      <Filter>core</Filter>
    </ClInclude>
    <ClInclude Include="rdx_cuda\render.h">
      <Filter>rdx_cuda</Filter>
    </ClInclude>
    <ClInclude Include="rdx_cuda\rdx_cuda.h">
      <Filter>rdx_cuda</Filter>
    </ClInclude>
  </ItemGroup>
  <ItemGroup>
    <ClCompile Include="display\image_png.cpp">
      <Filter>display</Filter>
    </ClCompile>
    <ClCompile Include="display\Painter.cpp">
      <Filter>display</Filter>
    </ClCompile>
    <ClCompile Include="display\WindowDisplayer.cpp">
      <Filter>display</Filter>
    </ClCompile>
    <ClCompile Include="log\log.cpp">
      <Filter>log</Filter>
    </ClCompile>
    <ClCompile Include="math\monolith_math.cpp">
      <Filter>math</Filter>
    </ClCompile>
    <ClCompile Include="core\win_main.cpp">
      <Filter>core</Filter>
    </ClCompile>
    <ClCompile Include="core\asset_manager.h">
      <Filter>core</Filter>
    </ClCompile>
    <ClCompile Include="rdx_cuda\rdx_cuda.cpp">
      <Filter>rdx_cuda</Filter>
    </ClCompile>
  </ItemGroup>
  <ItemGroup>
    <CudaCompile Include="core\asset_manager.cu">
      <Filter>core</Filter>
    </CudaCompile>
    <CudaCompile Include="rdx_cuda\render.cu">
      <Filter>rdx_cuda</Filter>
    </CudaCompile>
  </ItemGroup>
</Project>